// !$*UTF8*$!
{
	archiveVersion = 1;
	classes = {
	};
	objectVersion = 50;
	objects = {

/* Begin PBXBuildFile section */
		342AEC95210AEF16007AFEAD /* AppDelegate.swift in Sources */ = {isa = PBXBuildFile; fileRef = 342AEC94210AEF16007AFEAD /* AppDelegate.swift */; };
		342AEC97210AEF16007AFEAD /* ViewController.swift in Sources */ = {isa = PBXBuildFile; fileRef = 342AEC96210AEF16007AFEAD /* ViewController.swift */; };
		342AEC9A210AEF16007AFEAD /* Main.storyboard in Resources */ = {isa = PBXBuildFile; fileRef = 342AEC98210AEF16007AFEAD /* Main.storyboard */; };
		342AEC9C210AEF16007AFEAD /* Assets.xcassets in Resources */ = {isa = PBXBuildFile; fileRef = 342AEC9B210AEF16007AFEAD /* Assets.xcassets */; };
		342AEC9F210AEF16007AFEAD /* LaunchScreen.storyboard in Resources */ = {isa = PBXBuildFile; fileRef = 342AEC9D210AEF16007AFEAD /* LaunchScreen.storyboard */; };
		342AECAA210AEF16007AFEAD /* colorTestClient_iOSTests.swift in Sources */ = {isa = PBXBuildFile; fileRef = 342AECA9210AEF16007AFEAD /* colorTestClient_iOSTests.swift */; };
		8593CA8734A93BBE82512769 /* Pods_colorTestClient_iOS.framework in Frameworks */ = {isa = PBXBuildFile; fileRef = 2719F24AAA3D175C0BAAD065 /* Pods_colorTestClient_iOS.framework */; settings = {ATTRIBUTES = (Required, ); }; };
/* End PBXBuildFile section */

/* Begin PBXContainerItemProxy section */
		342AECA6210AEF16007AFEAD /* PBXContainerItemProxy */ = {
			isa = PBXContainerItemProxy;
			containerPortal = 342AEC89210AEF16007AFEAD /* Project object */;
			proxyType = 1;
			remoteGlobalIDString = 342AEC90210AEF16007AFEAD;
			remoteInfo = colorTestClient_iOS;
		};
/* End PBXContainerItemProxy section */

/* Begin PBXFileReference section */
		2719F24AAA3D175C0BAAD065 /* Pods_colorTestClient_iOS.framework */ = {isa = PBXFileReference; explicitFileType = wrapper.framework; includeInIndex = 0; path = Pods_colorTestClient_iOS.framework; sourceTree = BUILT_PRODUCTS_DIR; };
		342AEC91210AEF16007AFEAD /* colorTestClient_iOS.app */ = {isa = PBXFileReference; explicitFileType = wrapper.application; includeInIndex = 0; path = colorTestClient_iOS.app; sourceTree = BUILT_PRODUCTS_DIR; };
		342AEC94210AEF16007AFEAD /* AppDelegate.swift */ = {isa = PBXFileReference; lastKnownFileType = sourcecode.swift; path = AppDelegate.swift; sourceTree = "<group>"; };
		342AEC96210AEF16007AFEAD /* ViewController.swift */ = {isa = PBXFileReference; lastKnownFileType = sourcecode.swift; path = ViewController.swift; sourceTree = "<group>"; };
		342AEC99210AEF16007AFEAD /* Base */ = {isa = PBXFileReference; lastKnownFileType = file.storyboard; name = Base; path = Base.lproj/Main.storyboard; sourceTree = "<group>"; };
		342AEC9B210AEF16007AFEAD /* Assets.xcassets */ = {isa = PBXFileReference; lastKnownFileType = folder.assetcatalog; path = Assets.xcassets; sourceTree = "<group>"; };
		342AEC9E210AEF16007AFEAD /* Base */ = {isa = PBXFileReference; lastKnownFileType = file.storyboard; name = Base; path = Base.lproj/LaunchScreen.storyboard; sourceTree = "<group>"; };
		342AECA0210AEF16007AFEAD /* Info.plist */ = {isa = PBXFileReference; lastKnownFileType = text.plist.xml; path = Info.plist; sourceTree = "<group>"; };
		342AECA5210AEF16007AFEAD /* colorTestClient_iOSTests.xctest */ = {isa = PBXFileReference; explicitFileType = wrapper.cfbundle; includeInIndex = 0; path = colorTestClient_iOSTests.xctest; sourceTree = BUILT_PRODUCTS_DIR; };
		342AECA9210AEF16007AFEAD /* colorTestClient_iOSTests.swift */ = {isa = PBXFileReference; lastKnownFileType = sourcecode.swift; path = colorTestClient_iOSTests.swift; sourceTree = "<group>"; };
		342AECAB210AEF16007AFEAD /* Info.plist */ = {isa = PBXFileReference; lastKnownFileType = text.plist.xml; path = Info.plist; sourceTree = "<group>"; };
		34D58665210B140A00E3AF26 /* SwiftSocket.framework */ = {isa = PBXFileReference; explicitFileType = wrapper.framework; path = SwiftSocket.framework; sourceTree = BUILT_PRODUCTS_DIR; };
		67414B2101EDE95921193C84 /* Pods-colorTestClient_iOS.release.xcconfig */ = {isa = PBXFileReference; includeInIndex = 1; lastKnownFileType = text.xcconfig; name = "Pods-colorTestClient_iOS.release.xcconfig"; path = "Pods/Target Support Files/Pods-colorTestClient_iOS/Pods-colorTestClient_iOS.release.xcconfig"; sourceTree = "<group>"; };
		953DEA1C1EE2B17855EA8FD9 /* Pods-colorTestClient_iOS.debug.xcconfig */ = {isa = PBXFileReference; includeInIndex = 1; lastKnownFileType = text.xcconfig; name = "Pods-colorTestClient_iOS.debug.xcconfig"; path = "Pods/Target Support Files/Pods-colorTestClient_iOS/Pods-colorTestClient_iOS.debug.xcconfig"; sourceTree = "<group>"; };
/* End PBXFileReference section */

/* Begin PBXFrameworksBuildPhase section */
		342AEC8E210AEF16007AFEAD /* Frameworks */ = {
			isa = PBXFrameworksBuildPhase;
			buildActionMask = 2147483647;
			files = (
				8593CA8734A93BBE82512769 /* Pods_colorTestClient_iOS.framework in Frameworks */,
			);
			runOnlyForDeploymentPostprocessing = 0;
		};
		342AECA2210AEF16007AFEAD /* Frameworks */ = {
			isa = PBXFrameworksBuildPhase;
			buildActionMask = 2147483647;
			files = (
			);
			runOnlyForDeploymentPostprocessing = 0;
		};
/* End PBXFrameworksBuildPhase section */

/* Begin PBXGroup section */
		342AEC88210AEF16007AFEAD = {
			isa = PBXGroup;
			children = (
				342AEC93210AEF16007AFEAD /* colorTestClient_iOS */,
				342AECA8210AEF16007AFEAD /* colorTestClient_iOSTests */,
				342AEC92210AEF16007AFEAD /* Products */,
				9CF18D98DE7D7061D38E1821 /* Pods */,
				AC2658F864ADDD04A9EC0D44 /* Frameworks */,
			);
			sourceTree = "<group>";
		};
		342AEC92210AEF16007AFEAD /* Products */ = {
			isa = PBXGroup;
			children = (
				342AEC91210AEF16007AFEAD /* colorTestClient_iOS.app */,
				342AECA5210AEF16007AFEAD /* colorTestClient_iOSTests.xctest */,
			);
			name = Products;
			sourceTree = "<group>";
		};
		342AEC93210AEF16007AFEAD /* colorTestClient_iOS */ = {
			isa = PBXGroup;
			children = (
				342AEC94210AEF16007AFEAD /* AppDelegate.swift */,
				342AEC96210AEF16007AFEAD /* ViewController.swift */,
				342AEC98210AEF16007AFEAD /* Main.storyboard */,
				342AEC9B210AEF16007AFEAD /* Assets.xcassets */,
				342AEC9D210AEF16007AFEAD /* LaunchScreen.storyboard */,
				342AECA0210AEF16007AFEAD /* Info.plist */,
			);
			path = colorTestClient_iOS;
			sourceTree = "<group>";
		};
		342AECA8210AEF16007AFEAD /* colorTestClient_iOSTests */ = {
			isa = PBXGroup;
			children = (
				342AECA9210AEF16007AFEAD /* colorTestClient_iOSTests.swift */,
				342AECAB210AEF16007AFEAD /* Info.plist */,
			);
			path = colorTestClient_iOSTests;
			sourceTree = "<group>";
		};
		9CF18D98DE7D7061D38E1821 /* Pods */ = {
			isa = PBXGroup;
			children = (
				953DEA1C1EE2B17855EA8FD9 /* Pods-colorTestClient_iOS.debug.xcconfig */,
				67414B2101EDE95921193C84 /* Pods-colorTestClient_iOS.release.xcconfig */,
			);
			name = Pods;
			sourceTree = "<group>";
		};
		AC2658F864ADDD04A9EC0D44 /* Frameworks */ = {
			isa = PBXGroup;
			children = (
				34D58665210B140A00E3AF26 /* SwiftSocket.framework */,
				2719F24AAA3D175C0BAAD065 /* Pods_colorTestClient_iOS.framework */,
			);
			name = Frameworks;
			sourceTree = "<group>";
		};
/* End PBXGroup section */

/* Begin PBXNativeTarget section */
		342AEC90210AEF16007AFEAD /* colorTestClient_iOS */ = {
			isa = PBXNativeTarget;
			buildConfigurationList = 342AECAE210AEF16007AFEAD /* Build configuration list for PBXNativeTarget "colorTestClient_iOS" */;
			buildPhases = (
				CC526F8BBA15ED57F813918C /* [CP] Check Pods Manifest.lock */,
				342AEC8D210AEF16007AFEAD /* Sources */,
				342AEC8E210AEF16007AFEAD /* Frameworks */,
				342AEC8F210AEF16007AFEAD /* Resources */,
				5CB9BEBF995BEBCC1D4AB81A /* [CP] Embed Pods Frameworks */,
			);
			buildRules = (
			);
			dependencies = (
			);
			name = colorTestClient_iOS;
			productName = colorTestClient_iOS;
			productReference = 342AEC91210AEF16007AFEAD /* colorTestClient_iOS.app */;
			productType = "com.apple.product-type.application";
		};
		342AECA4210AEF16007AFEAD /* colorTestClient_iOSTests */ = {
			isa = PBXNativeTarget;
			buildConfigurationList = 342AECB1210AEF16007AFEAD /* Build configuration list for PBXNativeTarget "colorTestClient_iOSTests" */;
			buildPhases = (
				342AECA1210AEF16007AFEAD /* Sources */,
				342AECA2210AEF16007AFEAD /* Frameworks */,
				342AECA3210AEF16007AFEAD /* Resources */,
			);
			buildRules = (
			);
			dependencies = (
				342AECA7210AEF16007AFEAD /* PBXTargetDependency */,
			);
			name = colorTestClient_iOSTests;
			productName = colorTestClient_iOSTests;
			productReference = 342AECA5210AEF16007AFEAD /* colorTestClient_iOSTests.xctest */;
			productType = "com.apple.product-type.bundle.unit-test";
		};
/* End PBXNativeTarget section */

/* Begin PBXProject section */
		342AEC89210AEF16007AFEAD /* Project object */ = {
			isa = PBXProject;
			attributes = {
				LastSwiftUpdateCheck = 0940;
				LastUpgradeCheck = 0940;
				ORGANIZATIONNAME = KGMedia;
				TargetAttributes = {
					342AEC90210AEF16007AFEAD = {
						CreatedOnToolsVersion = 9.4.1;
					};
					342AECA4210AEF16007AFEAD = {
						CreatedOnToolsVersion = 9.4.1;
						TestTargetID = 342AEC90210AEF16007AFEAD;
					};
				};
			};
			buildConfigurationList = 342AEC8C210AEF16007AFEAD /* Build configuration list for PBXProject "colorTestClient_iOS" */;
			compatibilityVersion = "Xcode 9.3";
			developmentRegion = en;
			hasScannedForEncodings = 0;
			knownRegions = (
				en,
				Base,
			);
			mainGroup = 342AEC88210AEF16007AFEAD;
			productRefGroup = 342AEC92210AEF16007AFEAD /* Products */;
			projectDirPath = "";
			projectRoot = "";
			targets = (
				342AEC90210AEF16007AFEAD /* colorTestClient_iOS */,
				342AECA4210AEF16007AFEAD /* colorTestClient_iOSTests */,
			);
		};
/* End PBXProject section */

/* Begin PBXResourcesBuildPhase section */
		342AEC8F210AEF16007AFEAD /* Resources */ = {
			isa = PBXResourcesBuildPhase;
			buildActionMask = 2147483647;
			files = (
				342AEC9F210AEF16007AFEAD /* LaunchScreen.storyboard in Resources */,
				342AEC9C210AEF16007AFEAD /* Assets.xcassets in Resources */,
				342AEC9A210AEF16007AFEAD /* Main.storyboard in Resources */,
			);
			runOnlyForDeploymentPostprocessing = 0;
		};
		342AECA3210AEF16007AFEAD /* Resources */ = {
			isa = PBXResourcesBuildPhase;
			buildActionMask = 2147483647;
			files = (
			);
			runOnlyForDeploymentPostprocessing = 0;
		};
/* End PBXResourcesBuildPhase section */

/* Begin PBXShellScriptBuildPhase section */
		5CB9BEBF995BEBCC1D4AB81A /* [CP] Embed Pods Frameworks */ = {
			isa = PBXShellScriptBuildPhase;
			buildActionMask = 2147483647;
			files = (
			);
			inputPaths = (
				"${SRCROOT}/Pods/Target Support Files/Pods-colorTestClient_iOS/Pods-colorTestClient_iOS-frameworks.sh",
				"${BUILT_PRODUCTS_DIR}/SwiftSocket/SwiftSocket.framework",
			);
			name = "[CP] Embed Pods Frameworks";
			outputPaths = (
				"${TARGET_BUILD_DIR}/${FRAMEWORKS_FOLDER_PATH}/SwiftSocket.framework",
			);
			runOnlyForDeploymentPostprocessing = 0;
			shellPath = /bin/sh;
			shellScript = "\"${SRCROOT}/Pods/Target Support Files/Pods-colorTestClient_iOS/Pods-colorTestClient_iOS-frameworks.sh\"\n";
			showEnvVarsInLog = 0;
		};
		CC526F8BBA15ED57F813918C /* [CP] Check Pods Manifest.lock */ = {
			isa = PBXShellScriptBuildPhase;
			buildActionMask = 2147483647;
			files = (
			);
			inputPaths = (
				"${PODS_PODFILE_DIR_PATH}/Podfile.lock",
				"${PODS_ROOT}/Manifest.lock",
			);
			name = "[CP] Check Pods Manifest.lock";
			outputPaths = (
				"$(DERIVED_FILE_DIR)/Pods-colorTestClient_iOS-checkManifestLockResult.txt",
			);
			runOnlyForDeploymentPostprocessing = 0;
			shellPath = /bin/sh;
			shellScript = "diff \"${PODS_PODFILE_DIR_PATH}/Podfile.lock\" \"${PODS_ROOT}/Manifest.lock\" > /dev/null\nif [ $? != 0 ] ; then\n    # print error to STDERR\n    echo \"error: The sandbox is not in sync with the Podfile.lock. Run 'pod install' or update your CocoaPods installation.\" >&2\n    exit 1\nfi\n# This output is used by Xcode 'outputs' to avoid re-running this script phase.\necho \"SUCCESS\" > \"${SCRIPT_OUTPUT_FILE_0}\"\n";
			showEnvVarsInLog = 0;
		};
/* End PBXShellScriptBuildPhase section */

/* Begin PBXSourcesBuildPhase section */
		342AEC8D210AEF16007AFEAD /* Sources */ = {
			isa = PBXSourcesBuildPhase;
			buildActionMask = 2147483647;
			files = (
				342AEC97210AEF16007AFEAD /* ViewController.swift in Sources */,
				342AEC95210AEF16007AFEAD /* AppDelegate.swift in Sources */,
			);
			runOnlyForDeploymentPostprocessing = 0;
		};
		342AECA1210AEF16007AFEAD /* Sources */ = {
			isa = PBXSourcesBuildPhase;
			buildActionMask = 2147483647;
			files = (
				342AECAA210AEF16007AFEAD /* colorTestClient_iOSTests.swift in Sources */,
			);
			runOnlyForDeploymentPostprocessing = 0;
		};
/* End PBXSourcesBuildPhase section */

/* Begin PBXTargetDependency section */
		342AECA7210AEF16007AFEAD /* PBXTargetDependency */ = {
			isa = PBXTargetDependency;
			target = 342AEC90210AEF16007AFEAD /* colorTestClient_iOS */;
			targetProxy = 342AECA6210AEF16007AFEAD /* PBXContainerItemProxy */;
		};
/* End PBXTargetDependency section */

/* Begin PBXVariantGroup section */
		342AEC98210AEF16007AFEAD /* Main.storyboard */ = {
			isa = PBXVariantGroup;
			children = (
				342AEC99210AEF16007AFEAD /* Base */,
			);
			name = Main.storyboard;
			sourceTree = "<group>";
		};
		342AEC9D210AEF16007AFEAD /* LaunchScreen.storyboard */ = {
			isa = PBXVariantGroup;
			children = (
				342AEC9E210AEF16007AFEAD /* Base */,
			);
			name = LaunchScreen.storyboard;
			sourceTree = "<group>";
		};
/* End PBXVariantGroup section */

/* Begin XCBuildConfiguration section */
		342AECAC210AEF16007AFEAD /* Debug */ = {
			isa = XCBuildConfiguration;
			buildSettings = {
				ALWAYS_SEARCH_USER_PATHS = NO;
				CLANG_ANALYZER_NONNULL = YES;
				CLANG_ANALYZER_NUMBER_OBJECT_CONVERSION = YES_AGGRESSIVE;
				CLANG_CXX_LANGUAGE_STANDARD = "gnu++14";
				CLANG_CXX_LIBRARY = "libc++";
				CLANG_ENABLE_MODULES = YES;
				CLANG_ENABLE_OBJC_ARC = YES;
				CLANG_ENABLE_OBJC_WEAK = YES;
				CLANG_WARN_BLOCK_CAPTURE_AUTORELEASING = YES;
				CLANG_WARN_BOOL_CONVERSION = YES;
				CLANG_WARN_COMMA = YES;
				CLANG_WARN_CONSTANT_CONVERSION = YES;
				CLANG_WARN_DEPRECATED_OBJC_IMPLEMENTATIONS = YES;
				CLANG_WARN_DIRECT_OBJC_ISA_USAGE = YES_ERROR;
				CLANG_WARN_DOCUMENTATION_COMMENTS = YES;
				CLANG_WARN_EMPTY_BODY = YES;
				CLANG_WARN_ENUM_CONVERSION = YES;
				CLANG_WARN_INFINITE_RECURSION = YES;
				CLANG_WARN_INT_CONVERSION = YES;
				CLANG_WARN_NON_LITERAL_NULL_CONVERSION = YES;
				CLANG_WARN_OBJC_IMPLICIT_RETAIN_SELF = YES;
				CLANG_WARN_OBJC_LITERAL_CONVERSION = YES;
				CLANG_WARN_OBJC_ROOT_CLASS = YES_ERROR;
				CLANG_WARN_RANGE_LOOP_ANALYSIS = YES;
				CLANG_WARN_STRICT_PROTOTYPES = YES;
				CLANG_WARN_SUSPICIOUS_MOVE = YES;
				CLANG_WARN_UNGUARDED_AVAILABILITY = YES_AGGRESSIVE;
				CLANG_WARN_UNREACHABLE_CODE = YES;
				CLANG_WARN__DUPLICATE_METHOD_MATCH = YES;
				CODE_SIGN_IDENTITY = "iPhone Developer";
				COPY_PHASE_STRIP = NO;
				DEBUG_INFORMATION_FORMAT = dwarf;
				ENABLE_STRICT_OBJC_MSGSEND = YES;
				ENABLE_TESTABILITY = YES;
				GCC_C_LANGUAGE_STANDARD = gnu11;
				GCC_DYNAMIC_NO_PIC = NO;
				GCC_NO_COMMON_BLOCKS = YES;
				GCC_OPTIMIZATION_LEVEL = 0;
				GCC_PREPROCESSOR_DEFINITIONS = (
					"DEBUG=1",
					"$(inherited)",
				);
				GCC_WARN_64_TO_32_BIT_CONVERSION = YES;
				GCC_WARN_ABOUT_RETURN_TYPE = YES_ERROR;
				GCC_WARN_UNDECLARED_SELECTOR = YES;
				GCC_WARN_UNINITIALIZED_AUTOS = YES_AGGRESSIVE;
				GCC_WARN_UNUSED_FUNCTION = YES;
				GCC_WARN_UNUSED_VARIABLE = YES;
				IPHONEOS_DEPLOYMENT_TARGET = 11.4;
				MTL_ENABLE_DEBUG_INFO = YES;
				ONLY_ACTIVE_ARCH = YES;
				SDKROOT = iphoneos;
				SWIFT_ACTIVE_COMPILATION_CONDITIONS = DEBUG;
				SWIFT_OPTIMIZATION_LEVEL = "-Onone";
			};
			name = Debug;
		};
		342AECAD210AEF16007AFEAD /* Release */ = {
			isa = XCBuildConfiguration;
			buildSettings = {
				ALWAYS_SEARCH_USER_PATHS = NO;
				CLANG_ANALYZER_NONNULL = YES;
				CLANG_ANALYZER_NUMBER_OBJECT_CONVERSION = YES_AGGRESSIVE;
				CLANG_CXX_LANGUAGE_STANDARD = "gnu++14";
				CLANG_CXX_LIBRARY = "libc++";
				CLANG_ENABLE_MODULES = YES;
				CLANG_ENABLE_OBJC_ARC = YES;
				CLANG_ENABLE_OBJC_WEAK = YES;
				CLANG_WARN_BLOCK_CAPTURE_AUTORELEASING = YES;
				CLANG_WARN_BOOL_CONVERSION = YES;
				CLANG_WARN_COMMA = YES;
				CLANG_WARN_CONSTANT_CONVERSION = YES;
				CLANG_WARN_DEPRECATED_OBJC_IMPLEMENTATIONS = YES;
				CLANG_WARN_DIRECT_OBJC_ISA_USAGE = YES_ERROR;
				CLANG_WARN_DOCUMENTATION_COMMENTS = YES;
				CLANG_WARN_EMPTY_BODY = YES;
				CLANG_WARN_ENUM_CONVERSION = YES;
				CLANG_WARN_INFINITE_RECURSION = YES;
				CLANG_WARN_INT_CONVERSION = YES;
				CLANG_WARN_NON_LITERAL_NULL_CONVERSION = YES;
				CLANG_WARN_OBJC_IMPLICIT_RETAIN_SELF = YES;
				CLANG_WARN_OBJC_LITERAL_CONVERSION = YES;
				CLANG_WARN_OBJC_ROOT_CLASS = YES_ERROR;
				CLANG_WARN_RANGE_LOOP_ANALYSIS = YES;
				CLANG_WARN_STRICT_PROTOTYPES = YES;
				CLANG_WARN_SUSPICIOUS_MOVE = YES;
				CLANG_WARN_UNGUARDED_AVAILABILITY = YES_AGGRESSIVE;
				CLANG_WARN_UNREACHABLE_CODE = YES;
				CLANG_WARN__DUPLICATE_METHOD_MATCH = YES;
				CODE_SIGN_IDENTITY = "iPhone Developer";
				COPY_PHASE_STRIP = NO;
				DEBUG_INFORMATION_FORMAT = "dwarf-with-dsym";
				ENABLE_NS_ASSERTIONS = NO;
				ENABLE_STRICT_OBJC_MSGSEND = YES;
				GCC_C_LANGUAGE_STANDARD = gnu11;
				GCC_NO_COMMON_BLOCKS = YES;
				GCC_WARN_64_TO_32_BIT_CONVERSION = YES;
				GCC_WARN_ABOUT_RETURN_TYPE = YES_ERROR;
				GCC_WARN_UNDECLARED_SELECTOR = YES;
				GCC_WARN_UNINITIALIZED_AUTOS = YES_AGGRESSIVE;
				GCC_WARN_UNUSED_FUNCTION = YES;
				GCC_WARN_UNUSED_VARIABLE = YES;
				IPHONEOS_DEPLOYMENT_TARGET = 11.4;
				MTL_ENABLE_DEBUG_INFO = NO;
				SDKROOT = iphoneos;
				SWIFT_COMPILATION_MODE = wholemodule;
				SWIFT_OPTIMIZATION_LEVEL = "-O";
				VALIDATE_PRODUCT = YES;
			};
			name = Release;
		};
		342AECAF210AEF16007AFEAD /* Debug */ = {
			isa = XCBuildConfiguration;
			baseConfigurationReference = 953DEA1C1EE2B17855EA8FD9 /* Pods-colorTestClient_iOS.debug.xcconfig */;
			buildSettings = {
				ASSETCATALOG_COMPILER_APPICON_NAME = AppIcon;
				CODE_SIGN_IDENTITY = "iPhone Developer";
				CODE_SIGN_STYLE = Automatic;
				DEVELOPMENT_TEAM = P9GYY8QD88;
				INFOPLIST_FILE = colorTestClient_iOS/Info.plist;
				LD_RUNPATH_SEARCH_PATHS = (
					"$(inherited)",
					"@executable_path/Frameworks",
				);
				PRODUCT_BUNDLE_IDENTIFIER = "KG.colorTestClient-iOS-leg";
				PRODUCT_NAME = "$(TARGET_NAME)";
				PROVISIONING_PROFILE_SPECIFIER = "";
				SWIFT_VERSION = 4.0;
				TARGETED_DEVICE_FAMILY = "1,2";
			};
			name = Debug;
		};
		342AECB0210AEF16007AFEAD /* Release */ = {
			isa = XCBuildConfiguration;
			baseConfigurationReference = 67414B2101EDE95921193C84 /* Pods-colorTestClient_iOS.release.xcconfig */;
			buildSettings = {
				ASSETCATALOG_COMPILER_APPICON_NAME = AppIcon;
				CODE_SIGN_IDENTITY = "iPhone Developer";
				CODE_SIGN_STYLE = Automatic;
				DEVELOPMENT_TEAM = P9GYY8QD88;
				INFOPLIST_FILE = colorTestClient_iOS/Info.plist;
				LD_RUNPATH_SEARCH_PATHS = (
					"$(inherited)",
					"@executable_path/Frameworks",
				);
				PRODUCT_BUNDLE_IDENTIFIER = "KG.colorTestClient-iOS-leg";
				PRODUCT_NAME = "$(TARGET_NAME)";
				PROVISIONING_PROFILE_SPECIFIER = "";
				SWIFT_VERSION = 4.0;
				TARGETED_DEVICE_FAMILY = "1,2";
			};
			name = Release;
		};
		342AECB2210AEF16007AFEAD /* Debug */ = {
			isa = XCBuildConfiguration;
			buildSettings = {
				ALWAYS_EMBED_SWIFT_STANDARD_LIBRARIES = YES;
				BUNDLE_LOADER = "$(TEST_HOST)";
				CODE_SIGN_STYLE = Automatic;
				DEVELOPMENT_TEAM = 7M874LTA46;
				INFOPLIST_FILE = colorTestClient_iOSTests/Info.plist;
				LD_RUNPATH_SEARCH_PATHS = (
					"$(inherited)",
					"@executable_path/Frameworks",
					"@loader_path/Frameworks",
				);
				PRODUCT_BUNDLE_IDENTIFIER = "KG.colorTestClient-iOSTests";
				PRODUCT_NAME = "$(TARGET_NAME)";
				SWIFT_VERSION = 4.0;
				TARGETED_DEVICE_FAMILY = "1,2";
				TEST_HOST = "$(BUILT_PRODUCTS_DIR)/colorTestClient_iOS.app/colorTestClient_iOS";
			};
			name = Debug;
		};
		342AECB3210AEF16007AFEAD /* Release */ = {
			isa = XCBuildConfiguration;
			buildSettings = {
				ALWAYS_EMBED_SWIFT_STANDARD_LIBRARIES = YES;
				BUNDLE_LOADER = "$(TEST_HOST)";
				CODE_SIGN_STYLE = Automatic;
				DEVELOPMENT_TEAM = 7M874LTA46;
				INFOPLIST_FILE = colorTestClient_iOSTests/Info.plist;
				LD_RUNPATH_SEARCH_PATHS = (
					"$(inherited)",
					"@executable_path/Frameworks",
					"@loader_path/Frameworks",
				);
				PRODUCT_BUNDLE_IDENTIFIER = "KG.colorTestClient-iOSTests";
				PRODUCT_NAME = "$(TARGET_NAME)";
				SWIFT_VERSION = 4.0;
				TARGETED_DEVICE_FAMILY = "1,2";
				TEST_HOST = "$(BUILT_PRODUCTS_DIR)/colorTestClient_iOS.app/colorTestClient_iOS";
			};
			name = Release;
		};
/* End XCBuildConfiguration section */

/* Begin XCConfigurationList section */
		342AEC8C210AEF16007AFEAD /* Build configuration list for PBXProject "colorTestClient_iOS" */ = {
			isa = XCConfigurationList;
			buildConfigurations = (
				342AECAC210AEF16007AFEAD /* Debug */,
				342AECAD210AEF16007AFEAD /* Release */,
			);
			defaultConfigurationIsVisible = 0;
			defaultConfigurationName = Release;
		};
		342AECAE210AEF16007AFEAD /* Build configuration list for PBXNativeTarget "colorTestClient_iOS" */ = {
			isa = XCConfigurationList;
			buildConfigurations = (
				342AECAF210AEF16007AFEAD /* Debug */,
				342AECB0210AEF16007AFEAD /* Release */,
			);
			defaultConfigurationIsVisible = 0;
			defaultConfigurationName = Release;
		};
		342AECB1210AEF16007AFEAD /* Build configuration list for PBXNativeTarget "colorTestClient_iOSTests" */ = {
			isa = XCConfigurationList;
			buildConfigurations = (
				342AECB2210AEF16007AFEAD /* Debug */,
				342AECB3210AEF16007AFEAD /* Release */,
			);
			defaultConfigurationIsVisible = 0;
			defaultConfigurationName = Release;
		};
/* End XCConfigurationList section */
	};
	rootObject = 342AEC89210AEF16007AFEAD /* Project object */;
}
